
Microsoft Visual Studio Solution File, Format Version 12.00
# Visual Studio 15
VisualStudioVersion = 15.0.28307.757
MinimumVisualStudioVersion = 10.0.40219.1
Project("{FAE04EC0-301F-11D3-BF4B-00C04F79EFBC}") = "Razor", "Razor\Razor.csproj", "{A5225554-CDB8-4A85-AE08-BCB925A30445}"
EndProject
Global
	GlobalSection(SolutionConfigurationPlatforms) = preSolution
		Debug|Any CPU = Debug|Any CPU
		Release|Any CPU = Release|Any CPU
	EndGlobalSection
	GlobalSection(ProjectConfigurationPlatforms) = postSolution
		{A5225554-CDB8-4A85-AE08-BCB925A30445}.Debug|Any CPU.ActiveCfg = Debug|Any CPU
		{A5225554-CDB8-4A85-AE08-BCB925A30445}.Debug|Any CPU.Build.0 = Debug|Any CPU
		{A5225554-CDB8-4A85-AE08-BCB925A30445}.Release|Any CPU.ActiveCfg = Release|Any CPU
		{A5225554-CDB8-4A85-AE08-BCB925A30445}.Release|Any CPU.Build.0 = Release|Any CPU
	EndGlobalSection
	GlobalSection(SolutionProperties) = preSolution
		HideSolutionNode = FALSE
	EndGlobalSection
	GlobalSection(ExtensibilityGlobals) = postSolution
		SolutionGuid = {B49AE3DF-D921-4D4C-B2FE-A1B32EF62368}
	EndGlobalSection
EndGlobal
